// !$*UTF8*$!
{
	archiveVersion = 1;
	classes = {
	};
	objectVersion = 46;
	objects = {

/* Begin PBXBuildFile section */
		053B4D8519DFE2A600C5B38A /* AppDelegate.swift in Sources */ = {isa = PBXBuildFile; fileRef = 053B4D8419DFE2A600C5B38A /* AppDelegate.swift */; };
		053B4D8C19DFE2A600C5B38A /* Main.storyboard in Resources */ = {isa = PBXBuildFile; fileRef = 053B4D8A19DFE2A600C5B38A /* Main.storyboard */; };
		053B4D8E19DFE2A600C5B38A /* Images.xcassets in Resources */ = {isa = PBXBuildFile; fileRef = 053B4D8D19DFE2A600C5B38A /* Images.xcassets */; };
		053B4D9119DFE2A600C5B38A /* LaunchScreen.xib in Resources */ = {isa = PBXBuildFile; fileRef = 053B4D8F19DFE2A600C5B38A /* LaunchScreen.xib */; };
		053B4D9D19DFE2A600C5B38A /* ConcertionTests.swift in Sources */ = {isa = PBXBuildFile; fileRef = 053B4D9C19DFE2A600C5B38A /* ConcertionTests.swift */; };
		053B4DA719DFF2CD00C5B38A /* RootSourcesCollectionViewController.swift in Sources */ = {isa = PBXBuildFile; fileRef = 053B4DA619DFF2CD00C5B38A /* RootSourcesCollectionViewController.swift */; };
		053B4DA919DFFD4200C5B38A /* PlaybackController.swift in Sources */ = {isa = PBXBuildFile; fileRef = 053B4DA819DFFD4200C5B38A /* PlaybackController.swift */; };
		053B4DAD19E0092100C5B38A /* FBKVOController.m in Sources */ = {isa = PBXBuildFile; fileRef = 053B4DAC19E0092100C5B38A /* FBKVOController.m */; };
		053B4DBE19E018C500C5B38A /* libStreamingKit.a in Frameworks */ = {isa = PBXBuildFile; fileRef = 053B4DB719E018BB00C5B38A /* libStreamingKit.a */; };
		053B4DC019E019A700C5B38A /* SystemConfiguration.framework in Frameworks */ = {isa = PBXBuildFile; fileRef = 053B4DBF19E019A700C5B38A /* SystemConfiguration.framework */; };
		057C32C719E022B400B19773 /* SRChannelsCollectionViewController.swift in Sources */ = {isa = PBXBuildFile; fileRef = 057C32C619E022B400B19773 /* SRChannelsCollectionViewController.swift */; };
		057C32CD19E022C800B19773 /* SRShowsInChannelCollectionViewController.swift in Sources */ = {isa = PBXBuildFile; fileRef = 057C32CC19E022C800B19773 /* SRShowsInChannelCollectionViewController.swift */; };
		057C32CF19E022DC00B19773 /* SREpisodesInShowCollectionViewController.swift in Sources */ = {isa = PBXBuildFile; fileRef = 057C32CE19E022DC00B19773 /* SREpisodesInShowCollectionViewController.swift */; };
		998D7E5819E01E1A00B12C6C /* XMLDictionary.m in Sources */ = {isa = PBXBuildFile; fileRef = 998D7E5719E01E1A00B12C6C /* XMLDictionary.m */; };
		998D7E6119E01E1F00B12C6C /* ContentProvider.swift in Sources */ = {isa = PBXBuildFile; fileRef = 998D7E5E19E01E1F00B12C6C /* ContentProvider.swift */; };
		998D7E6219E01E1F00B12C6C /* SverigesRadio.swift in Sources */ = {isa = PBXBuildFile; fileRef = 998D7E6019E01E1F00B12C6C /* SverigesRadio.swift */; };
/* End PBXBuildFile section */

/* Begin PBXContainerItemProxy section */
		053B4D9719DFE2A600C5B38A /* PBXContainerItemProxy */ = {
			isa = PBXContainerItemProxy;
			containerPortal = 053B4D7719DFE2A500C5B38A /* Project object */;
			proxyType = 1;
			remoteGlobalIDString = 053B4D7E19DFE2A600C5B38A;
			remoteInfo = Concertion;
		};
		053B4DB619E018BB00C5B38A /* PBXContainerItemProxy */ = {
			isa = PBXContainerItemProxy;
			containerPortal = 053B4DAE19E018BA00C5B38A /* StreamingKit.xcodeproj */;
			proxyType = 2;
			remoteGlobalIDString = A1E7C4C8188D57F50010896F;
			remoteInfo = StreamingKit;
		};
		053B4DB819E018BB00C5B38A /* PBXContainerItemProxy */ = {
			isa = PBXContainerItemProxy;
			containerPortal = 053B4DAE19E018BA00C5B38A /* StreamingKit.xcodeproj */;
			proxyType = 2;
			remoteGlobalIDString = A1E7C4D8188D57F60010896F;
			remoteInfo = StreamingKitTests;
		};
		053B4DBA19E018BB00C5B38A /* PBXContainerItemProxy */ = {
			isa = PBXContainerItemProxy;
			containerPortal = 053B4DAE19E018BA00C5B38A /* StreamingKit.xcodeproj */;
			proxyType = 2;
			remoteGlobalIDString = A1A49969189E744400E2A2E2;
			remoteInfo = StreamingKitMac;
		};
		053B4DBC19E018BB00C5B38A /* PBXContainerItemProxy */ = {
			isa = PBXContainerItemProxy;
			containerPortal = 053B4DAE19E018BA00C5B38A /* StreamingKit.xcodeproj */;
			proxyType = 2;
			remoteGlobalIDString = A1A4997A189E744500E2A2E2;
			remoteInfo = StreamingKitMacTests;
		};
/* End PBXContainerItemProxy section */

/* Begin PBXFileReference section */
		053B4D7F19DFE2A600C5B38A /* Concertion.app */ = {isa = PBXFileReference; explicitFileType = wrapper.application; includeInIndex = 0; path = Concertion.app; sourceTree = BUILT_PRODUCTS_DIR; };
		053B4D8319DFE2A600C5B38A /* Info.plist */ = {isa = PBXFileReference; lastKnownFileType = text.plist.xml; path = Info.plist; sourceTree = "<group>"; };
		053B4D8419DFE2A600C5B38A /* AppDelegate.swift */ = {isa = PBXFileReference; lastKnownFileType = sourcecode.swift; path = AppDelegate.swift; sourceTree = "<group>"; };
		053B4D8B19DFE2A600C5B38A /* Base */ = {isa = PBXFileReference; lastKnownFileType = file.storyboard; name = Base; path = Base.lproj/Main.storyboard; sourceTree = "<group>"; };
		053B4D8D19DFE2A600C5B38A /* Images.xcassets */ = {isa = PBXFileReference; lastKnownFileType = folder.assetcatalog; path = Images.xcassets; sourceTree = "<group>"; };
		053B4D9019DFE2A600C5B38A /* Base */ = {isa = PBXFileReference; lastKnownFileType = file.xib; name = Base; path = Base.lproj/LaunchScreen.xib; sourceTree = "<group>"; };
		053B4D9619DFE2A600C5B38A /* ConcertionTests.xctest */ = {isa = PBXFileReference; explicitFileType = wrapper.cfbundle; includeInIndex = 0; path = ConcertionTests.xctest; sourceTree = BUILT_PRODUCTS_DIR; };
		053B4D9B19DFE2A600C5B38A /* Info.plist */ = {isa = PBXFileReference; lastKnownFileType = text.plist.xml; path = Info.plist; sourceTree = "<group>"; };
		053B4D9C19DFE2A600C5B38A /* ConcertionTests.swift */ = {isa = PBXFileReference; lastKnownFileType = sourcecode.swift; path = ConcertionTests.swift; sourceTree = "<group>"; };
		053B4DA619DFF2CD00C5B38A /* RootSourcesCollectionViewController.swift */ = {isa = PBXFileReference; fileEncoding = 4; lastKnownFileType = sourcecode.swift; path = RootSourcesCollectionViewController.swift; sourceTree = "<group>"; };
		053B4DA819DFFD4200C5B38A /* PlaybackController.swift */ = {isa = PBXFileReference; fileEncoding = 4; lastKnownFileType = sourcecode.swift; path = PlaybackController.swift; sourceTree = "<group>"; };
		053B4DAA19E0092000C5B38A /* Concertion-Bridging-Header.h */ = {isa = PBXFileReference; lastKnownFileType = sourcecode.c.h; path = "Concertion-Bridging-Header.h"; sourceTree = "<group>"; };
		053B4DAB19E0092100C5B38A /* FBKVOController.h */ = {isa = PBXFileReference; fileEncoding = 4; lastKnownFileType = sourcecode.c.h; name = FBKVOController.h; path = Vendor/FBKVOController/FBKVOController.h; sourceTree = SOURCE_ROOT; };
		053B4DAC19E0092100C5B38A /* FBKVOController.m */ = {isa = PBXFileReference; fileEncoding = 4; lastKnownFileType = sourcecode.c.objc; name = FBKVOController.m; path = Vendor/FBKVOController/FBKVOController.m; sourceTree = SOURCE_ROOT; };
		053B4DAE19E018BA00C5B38A /* StreamingKit.xcodeproj */ = {isa = PBXFileReference; lastKnownFileType = "wrapper.pb-project"; name = StreamingKit.xcodeproj; path = Vendor/StreamingKit/StreamingKit/StreamingKit.xcodeproj; sourceTree = SOURCE_ROOT; };
		053B4DBF19E019A700C5B38A /* SystemConfiguration.framework */ = {isa = PBXFileReference; lastKnownFileType = wrapper.framework; name = SystemConfiguration.framework; path = System/Library/Frameworks/SystemConfiguration.framework; sourceTree = SDKROOT; };
		057C32C619E022B400B19773 /* SRChannelsCollectionViewController.swift */ = {isa = PBXFileReference; fileEncoding = 4; lastKnownFileType = sourcecode.swift; path = SRChannelsCollectionViewController.swift; sourceTree = "<group>"; };
		057C32CC19E022C800B19773 /* SRShowsInChannelCollectionViewController.swift */ = {isa = PBXFileReference; fileEncoding = 4; lastKnownFileType = sourcecode.swift; path = SRShowsInChannelCollectionViewController.swift; sourceTree = "<group>"; };
		057C32CE19E022DC00B19773 /* SREpisodesInShowCollectionViewController.swift */ = {isa = PBXFileReference; fileEncoding = 4; lastKnownFileType = sourcecode.swift; path = SREpisodesInShowCollectionViewController.swift; sourceTree = "<group>"; };
		998D7E5619E01E1A00B12C6C /* XMLDictionary.h */ = {isa = PBXFileReference; fileEncoding = 4; lastKnownFileType = sourcecode.c.h; path = XMLDictionary.h; sourceTree = "<group>"; };
		998D7E5719E01E1A00B12C6C /* XMLDictionary.m */ = {isa = PBXFileReference; fileEncoding = 4; lastKnownFileType = sourcecode.c.objc; path = XMLDictionary.m; sourceTree = "<group>"; };
		998D7E5E19E01E1F00B12C6C /* ContentProvider.swift */ = {isa = PBXFileReference; fileEncoding = 4; lastKnownFileType = sourcecode.swift; path = ContentProvider.swift; sourceTree = "<group>"; };
		998D7E6019E01E1F00B12C6C /* SverigesRadio.swift */ = {isa = PBXFileReference; fileEncoding = 4; lastKnownFileType = sourcecode.swift; path = SverigesRadio.swift; sourceTree = "<group>"; };
/* End PBXFileReference section */

/* Begin PBXFrameworksBuildPhase section */
		053B4D7C19DFE2A600C5B38A /* Frameworks */ = {
			isa = PBXFrameworksBuildPhase;
			buildActionMask = 2147483647;
			files = (
				053B4DC019E019A700C5B38A /* SystemConfiguration.framework in Frameworks */,
				053B4DBE19E018C500C5B38A /* libStreamingKit.a in Frameworks */,
			);
			runOnlyForDeploymentPostprocessing = 0;
		};
		053B4D9319DFE2A600C5B38A /* Frameworks */ = {
			isa = PBXFrameworksBuildPhase;
			buildActionMask = 2147483647;
			files = (
			);
			runOnlyForDeploymentPostprocessing = 0;
		};
/* End PBXFrameworksBuildPhase section */

/* Begin PBXGroup section */
		053B4D7619DFE2A500C5B38A = {
			isa = PBXGroup;
			children = (
				053B4D8119DFE2A600C5B38A /* Concertion */,
				053B4D9919DFE2A600C5B38A /* ConcertionTests */,
				053B4D8019DFE2A600C5B38A /* Products */,
			);
			sourceTree = "<group>";
		};
		053B4D8019DFE2A600C5B38A /* Products */ = {
			isa = PBXGroup;
			children = (
				053B4D7F19DFE2A600C5B38A /* Concertion.app */,
				053B4D9619DFE2A600C5B38A /* ConcertionTests.xctest */,
			);
			name = Products;
			sourceTree = "<group>";
		};
		053B4D8119DFE2A600C5B38A /* Concertion */ = {
			isa = PBXGroup;
			children = (
				998D7E5519E01E1A00B12C6C /* XMLDocument */,
				998D7E5D19E01E1F00B12C6C /* ContentProviders */,
				053B4D8419DFE2A600C5B38A /* AppDelegate.swift */,
				053B4DA819DFFD4200C5B38A /* PlaybackController.swift */,
				053B4DA619DFF2CD00C5B38A /* RootSourcesCollectionViewController.swift */,
				053B4DAB19E0092100C5B38A /* FBKVOController.h */,
				053B4DAC19E0092100C5B38A /* FBKVOController.m */,
				053B4D8A19DFE2A600C5B38A /* Main.storyboard */,
				057C32C619E022B400B19773 /* SRChannelsCollectionViewController.swift */,
				057C32CC19E022C800B19773 /* SRShowsInChannelCollectionViewController.swift */,
				057C32CE19E022DC00B19773 /* SREpisodesInShowCollectionViewController.swift */,
				053B4D8D19DFE2A600C5B38A /* Images.xcassets */,
				053B4DAE19E018BA00C5B38A /* StreamingKit.xcodeproj */,
				053B4D8F19DFE2A600C5B38A /* LaunchScreen.xib */,
				053B4D8219DFE2A600C5B38A /* Supporting Files */,
				053B4DBF19E019A700C5B38A /* SystemConfiguration.framework */,
				053B4DAA19E0092000C5B38A /* Concertion-Bridging-Header.h */,
			);
			path = Concertion;
			sourceTree = "<group>";
		};
		053B4D8219DFE2A600C5B38A /* Supporting Files */ = {
			isa = PBXGroup;
			children = (
				053B4D8319DFE2A600C5B38A /* Info.plist */,
			);
			name = "Supporting Files";
			sourceTree = "<group>";
		};
		053B4D9919DFE2A600C5B38A /* ConcertionTests */ = {
			isa = PBXGroup;
			children = (
				053B4D9C19DFE2A600C5B38A /* ConcertionTests.swift */,
				053B4D9A19DFE2A600C5B38A /* Supporting Files */,
			);
			path = ConcertionTests;
			sourceTree = "<group>";
		};
		053B4D9A19DFE2A600C5B38A /* Supporting Files */ = {
			isa = PBXGroup;
			children = (
				053B4D9B19DFE2A600C5B38A /* Info.plist */,
			);
			name = "Supporting Files";
			sourceTree = "<group>";
		};
		053B4DAF19E018BA00C5B38A /* Products */ = {
			isa = PBXGroup;
			children = (
				053B4DB719E018BB00C5B38A /* libStreamingKit.a */,
				053B4DB919E018BB00C5B38A /* StreamingKitTests.xctest */,
				053B4DBB19E018BB00C5B38A /* libStreamingKitMac.a */,
				053B4DBD19E018BB00C5B38A /* StreamingKitMacTests.xctest */,
			);
			name = Products;
			sourceTree = "<group>";
		};
		998D7E5519E01E1A00B12C6C /* XMLDocument */ = {
			isa = PBXGroup;
			children = (
				998D7E5619E01E1A00B12C6C /* XMLDictionary.h */,
				998D7E5719E01E1A00B12C6C /* XMLDictionary.m */,
			);
			path = XMLDocument;
			sourceTree = "<group>";
		};
		998D7E5D19E01E1F00B12C6C /* ContentProviders */ = {
			isa = PBXGroup;
			children = (
				998D7E5E19E01E1F00B12C6C /* ContentProvider.swift */,
				998D7E5F19E01E1F00B12C6C /* SverigesRadio */,
			);
			path = ContentProviders;
			sourceTree = "<group>";
		};
		998D7E5F19E01E1F00B12C6C /* SverigesRadio */ = {
			isa = PBXGroup;
			children = (
				998D7E6019E01E1F00B12C6C /* SverigesRadio.swift */,
			);
			path = SverigesRadio;
			sourceTree = "<group>";
		};
/* End PBXGroup section */

/* Begin PBXNativeTarget section */
		053B4D7E19DFE2A600C5B38A /* Concertion */ = {
			isa = PBXNativeTarget;
			buildConfigurationList = 053B4DA019DFE2A600C5B38A /* Build configuration list for PBXNativeTarget "Concertion" */;
			buildPhases = (
				053B4D7B19DFE2A600C5B38A /* Sources */,
				053B4D7C19DFE2A600C5B38A /* Frameworks */,
				053B4D7D19DFE2A600C5B38A /* Resources */,
			);
			buildRules = (
			);
			dependencies = (
			);
			name = Concertion;
			productName = Concertion;
			productReference = 053B4D7F19DFE2A600C5B38A /* Concertion.app */;
			productType = "com.apple.product-type.application";
		};
		053B4D9519DFE2A600C5B38A /* ConcertionTests */ = {
			isa = PBXNativeTarget;
			buildConfigurationList = 053B4DA319DFE2A600C5B38A /* Build configuration list for PBXNativeTarget "ConcertionTests" */;
			buildPhases = (
				053B4D9219DFE2A600C5B38A /* Sources */,
				053B4D9319DFE2A600C5B38A /* Frameworks */,
				053B4D9419DFE2A600C5B38A /* Resources */,
			);
			buildRules = (
			);
			dependencies = (
				053B4D9819DFE2A600C5B38A /* PBXTargetDependency */,
			);
			name = ConcertionTests;
			productName = ConcertionTests;
			productReference = 053B4D9619DFE2A600C5B38A /* ConcertionTests.xctest */;
			productType = "com.apple.product-type.bundle.unit-test";
		};
/* End PBXNativeTarget section */

/* Begin PBXProject section */
		053B4D7719DFE2A500C5B38A /* Project object */ = {
			isa = PBXProject;
			attributes = {
				LastUpgradeCheck = 0610;
				ORGANIZATIONNAME = Concertionists;
				TargetAttributes = {
					053B4D7E19DFE2A600C5B38A = {
						CreatedOnToolsVersion = 6.1;
					};
					053B4D9519DFE2A600C5B38A = {
						CreatedOnToolsVersion = 6.1;
						TestTargetID = 053B4D7E19DFE2A600C5B38A;
					};
				};
			};
			buildConfigurationList = 053B4D7A19DFE2A500C5B38A /* Build configuration list for PBXProject "Concertion" */;
			compatibilityVersion = "Xcode 3.2";
			developmentRegion = English;
			hasScannedForEncodings = 0;
			knownRegions = (
				en,
				Base,
			);
			mainGroup = 053B4D7619DFE2A500C5B38A;
			productRefGroup = 053B4D8019DFE2A600C5B38A /* Products */;
			projectDirPath = "";
			projectReferences = (
				{
					ProductGroup = 053B4DAF19E018BA00C5B38A /* Products */;
					ProjectRef = 053B4DAE19E018BA00C5B38A /* StreamingKit.xcodeproj */;
				},
			);
			projectRoot = "";
			targets = (
				053B4D7E19DFE2A600C5B38A /* Concertion */,
				053B4D9519DFE2A600C5B38A /* ConcertionTests */,
			);
		};
/* End PBXProject section */

/* Begin PBXReferenceProxy section */
		053B4DB719E018BB00C5B38A /* libStreamingKit.a */ = {
			isa = PBXReferenceProxy;
			fileType = archive.ar;
			path = libStreamingKit.a;
			remoteRef = 053B4DB619E018BB00C5B38A /* PBXContainerItemProxy */;
			sourceTree = BUILT_PRODUCTS_DIR;
		};
		053B4DB919E018BB00C5B38A /* StreamingKitTests.xctest */ = {
			isa = PBXReferenceProxy;
			fileType = wrapper.cfbundle;
			path = StreamingKitTests.xctest;
			remoteRef = 053B4DB819E018BB00C5B38A /* PBXContainerItemProxy */;
			sourceTree = BUILT_PRODUCTS_DIR;
		};
		053B4DBB19E018BB00C5B38A /* libStreamingKitMac.a */ = {
			isa = PBXReferenceProxy;
			fileType = archive.ar;
			path = libStreamingKitMac.a;
			remoteRef = 053B4DBA19E018BB00C5B38A /* PBXContainerItemProxy */;
			sourceTree = BUILT_PRODUCTS_DIR;
		};
		053B4DBD19E018BB00C5B38A /* StreamingKitMacTests.xctest */ = {
			isa = PBXReferenceProxy;
			fileType = wrapper.cfbundle;
			path = StreamingKitMacTests.xctest;
			remoteRef = 053B4DBC19E018BB00C5B38A /* PBXContainerItemProxy */;
			sourceTree = BUILT_PRODUCTS_DIR;
		};
/* End PBXReferenceProxy section */

/* Begin PBXResourcesBuildPhase section */
		053B4D7D19DFE2A600C5B38A /* Resources */ = {
			isa = PBXResourcesBuildPhase;
			buildActionMask = 2147483647;
			files = (
				053B4D8C19DFE2A600C5B38A /* Main.storyboard in Resources */,
				053B4D9119DFE2A600C5B38A /* LaunchScreen.xib in Resources */,
				053B4D8E19DFE2A600C5B38A /* Images.xcassets in Resources */,
			);
			runOnlyForDeploymentPostprocessing = 0;
		};
		053B4D9419DFE2A600C5B38A /* Resources */ = {
			isa = PBXResourcesBuildPhase;
			buildActionMask = 2147483647;
			files = (
			);
			runOnlyForDeploymentPostprocessing = 0;
		};
/* End PBXResourcesBuildPhase section */

/* Begin PBXSourcesBuildPhase section */
		053B4D7B19DFE2A600C5B38A /* Sources */ = {
			isa = PBXSourcesBuildPhase;
			buildActionMask = 2147483647;
			files = (
				998D7E6119E01E1F00B12C6C /* ContentProvider.swift in Sources */,
				057C32CD19E022C800B19773 /* SRShowsInChannelCollectionViewController.swift in Sources */,
				998D7E5819E01E1A00B12C6C /* XMLDictionary.m in Sources */,
				053B4DAD19E0092100C5B38A /* FBKVOController.m in Sources */,
				053B4DA919DFFD4200C5B38A /* PlaybackController.swift in Sources */,
				053B4D8519DFE2A600C5B38A /* AppDelegate.swift in Sources */,
				998D7E6219E01E1F00B12C6C /* SverigesRadio.swift in Sources */,
				057C32CF19E022DC00B19773 /* SREpisodesInShowCollectionViewController.swift in Sources */,
				053B4DA719DFF2CD00C5B38A /* RootSourcesCollectionViewController.swift in Sources */,
				057C32C719E022B400B19773 /* SRChannelsCollectionViewController.swift in Sources */,
			);
			runOnlyForDeploymentPostprocessing = 0;
		};
		053B4D9219DFE2A600C5B38A /* Sources */ = {
			isa = PBXSourcesBuildPhase;
			buildActionMask = 2147483647;
			files = (
				053B4D9D19DFE2A600C5B38A /* ConcertionTests.swift in Sources */,
			);
			runOnlyForDeploymentPostprocessing = 0;
		};
/* End PBXSourcesBuildPhase section */

/* Begin PBXTargetDependency section */
		053B4D9819DFE2A600C5B38A /* PBXTargetDependency */ = {
			isa = PBXTargetDependency;
			target = 053B4D7E19DFE2A600C5B38A /* Concertion */;
			targetProxy = 053B4D9719DFE2A600C5B38A /* PBXContainerItemProxy */;
		};
/* End PBXTargetDependency section */

/* Begin PBXVariantGroup section */
		053B4D8A19DFE2A600C5B38A /* Main.storyboard */ = {
			isa = PBXVariantGroup;
			children = (
				053B4D8B19DFE2A600C5B38A /* Base */,
			);
			name = Main.storyboard;
			sourceTree = "<group>";
		};
		053B4D8F19DFE2A600C5B38A /* LaunchScreen.xib */ = {
			isa = PBXVariantGroup;
			children = (
				053B4D9019DFE2A600C5B38A /* Base */,
			);
			name = LaunchScreen.xib;
			sourceTree = "<group>";
		};
/* End PBXVariantGroup section */

/* Begin XCBuildConfiguration section */
		053B4D9E19DFE2A600C5B38A /* Debug */ = {
			isa = XCBuildConfiguration;
			buildSettings = {
				ALWAYS_SEARCH_USER_PATHS = NO;
				CLANG_CXX_LANGUAGE_STANDARD = "gnu++0x";
				CLANG_CXX_LIBRARY = "libc++";
				CLANG_ENABLE_MODULES = YES;
				CLANG_ENABLE_OBJC_ARC = YES;
				CLANG_WARN_BOOL_CONVERSION = YES;
				CLANG_WARN_CONSTANT_CONVERSION = YES;
				CLANG_WARN_DIRECT_OBJC_ISA_USAGE = YES_ERROR;
				CLANG_WARN_EMPTY_BODY = YES;
				CLANG_WARN_ENUM_CONVERSION = YES;
				CLANG_WARN_INT_CONVERSION = YES;
				CLANG_WARN_OBJC_ROOT_CLASS = YES_ERROR;
				CLANG_WARN_UNREACHABLE_CODE = YES;
				CLANG_WARN__DUPLICATE_METHOD_MATCH = YES;
				"CODE_SIGN_IDENTITY[sdk=iphoneos*]" = "iPhone Developer";
				COPY_PHASE_STRIP = NO;
				ENABLE_STRICT_OBJC_MSGSEND = YES;
				GCC_C_LANGUAGE_STANDARD = gnu99;
				GCC_DYNAMIC_NO_PIC = NO;
				GCC_OPTIMIZATION_LEVEL = 0;
				GCC_PREPROCESSOR_DEFINITIONS = (
					"DEBUG=1",
					"$(inherited)",
				);
				GCC_SYMBOLS_PRIVATE_EXTERN = NO;
				GCC_WARN_64_TO_32_BIT_CONVERSION = YES;
				GCC_WARN_ABOUT_RETURN_TYPE = YES_ERROR;
				GCC_WARN_UNDECLARED_SELECTOR = YES;
				GCC_WARN_UNINITIALIZED_AUTOS = YES_AGGRESSIVE;
				GCC_WARN_UNUSED_FUNCTION = YES;
				GCC_WARN_UNUSED_VARIABLE = YES;
				IPHONEOS_DEPLOYMENT_TARGET = 8.1;
				MTL_ENABLE_DEBUG_INFO = YES;
				ONLY_ACTIVE_ARCH = YES;
				SDKROOT = iphoneos;
				SWIFT_OPTIMIZATION_LEVEL = "-Onone";
				TARGETED_DEVICE_FAMILY = "1,2";
			};
			name = Debug;
		};
		053B4D9F19DFE2A600C5B38A /* Release */ = {
			isa = XCBuildConfiguration;
			buildSettings = {
				ALWAYS_SEARCH_USER_PATHS = NO;
				CLANG_CXX_LANGUAGE_STANDARD = "gnu++0x";
				CLANG_CXX_LIBRARY = "libc++";
				CLANG_ENABLE_MODULES = YES;
				CLANG_ENABLE_OBJC_ARC = YES;
				CLANG_WARN_BOOL_CONVERSION = YES;
				CLANG_WARN_CONSTANT_CONVERSION = YES;
				CLANG_WARN_DIRECT_OBJC_ISA_USAGE = YES_ERROR;
				CLANG_WARN_EMPTY_BODY = YES;
				CLANG_WARN_ENUM_CONVERSION = YES;
				CLANG_WARN_INT_CONVERSION = YES;
				CLANG_WARN_OBJC_ROOT_CLASS = YES_ERROR;
				CLANG_WARN_UNREACHABLE_CODE = YES;
				CLANG_WARN__DUPLICATE_METHOD_MATCH = YES;
				"CODE_SIGN_IDENTITY[sdk=iphoneos*]" = "iPhone Developer";
				COPY_PHASE_STRIP = YES;
				ENABLE_NS_ASSERTIONS = NO;
				ENABLE_STRICT_OBJC_MSGSEND = YES;
				GCC_C_LANGUAGE_STANDARD = gnu99;
				GCC_WARN_64_TO_32_BIT_CONVERSION = YES;
				GCC_WARN_ABOUT_RETURN_TYPE = YES_ERROR;
				GCC_WARN_UNDECLARED_SELECTOR = YES;
				GCC_WARN_UNINITIALIZED_AUTOS = YES_AGGRESSIVE;
				GCC_WARN_UNUSED_FUNCTION = YES;
				GCC_WARN_UNUSED_VARIABLE = YES;
				IPHONEOS_DEPLOYMENT_TARGET = 8.1;
				MTL_ENABLE_DEBUG_INFO = NO;
				SDKROOT = iphoneos;
				TARGETED_DEVICE_FAMILY = "1,2";
				VALIDATE_PRODUCT = YES;
			};
			name = Release;
		};
		053B4DA119DFE2A600C5B38A /* Debug */ = {
			isa = XCBuildConfiguration;
			buildSettings = {
				ASSETCATALOG_COMPILER_APPICON_NAME = AppIcon;
				CLANG_ENABLE_MODULES = YES;
				HEADER_SEARCH_PATHS = (
					Vendor/StreamingKit/StreamingKit,
					"$(inherited)",
				);
				INFOPLIST_FILE = Concertion/Info.plist;
				IPHONEOS_DEPLOYMENT_TARGET = 8.0;
				LD_RUNPATH_SEARCH_PATHS = "$(inherited) @executable_path/Frameworks";
				OTHER_LDFLAGS = "-ObjC";
				PRODUCT_NAME = "$(TARGET_NAME)";
				SWIFT_OBJC_BRIDGING_HEADER = "Concertion/Concertion-Bridging-Header.h";
				SWIFT_OPTIMIZATION_LEVEL = "-Onone";
			};
			name = Debug;
		};
		053B4DA219DFE2A600C5B38A /* Release */ = {
			isa = XCBuildConfiguration;
			buildSettings = {
				ASSETCATALOG_COMPILER_APPICON_NAME = AppIcon;
				CLANG_ENABLE_MODULES = YES;
				HEADER_SEARCH_PATHS = (
					Vendor/StreamingKit/StreamingKit,
					"$(inherited)",
				);
				INFOPLIST_FILE = Concertion/Info.plist;
				IPHONEOS_DEPLOYMENT_TARGET = 8.0;
				LD_RUNPATH_SEARCH_PATHS = "$(inherited) @executable_path/Frameworks";
				OTHER_LDFLAGS = "-ObjC";
				PRODUCT_NAME = "$(TARGET_NAME)";
				SWIFT_OBJC_BRIDGING_HEADER = "Concertion/Concertion-Bridging-Header.h";
			};
			name = Release;
		};
		053B4DA419DFE2A600C5B38A /* Debug */ = {
			isa = XCBuildConfiguration;
			buildSettings = {
				BUNDLE_LOADER = "$(TEST_HOST)";
				FRAMEWORK_SEARCH_PATHS = (
					"$(SDKROOT)/Developer/Library/Frameworks",
					"$(inherited)",
				);
				GCC_PREPROCESSOR_DEFINITIONS = (
					"DEBUG=1",
					"$(inherited)",
				);
				INFOPLIST_FILE = ConcertionTests/Info.plist;
				IPHONEOS_DEPLOYMENT_TARGET = 8.0;
				LD_RUNPATH_SEARCH_PATHS = "$(inherited) @executable_path/Frameworks @loader_path/Frameworks";
				PRODUCT_NAME = "$(TARGET_NAME)";
				TEST_HOST = "$(BUILT_PRODUCTS_DIR)/Concertion.app/Concertion";
			};
			name = Debug;
		};
		053B4DA519DFE2A600C5B38A /* Release */ = {
			isa = XCBuildConfiguration;
			buildSettings = {
				BUNDLE_LOADER = "$(TEST_HOST)";
				FRAMEWORK_SEARCH_PATHS = (
					"$(SDKROOT)/Developer/Library/Frameworks",
					"$(inherited)",
				);
				INFOPLIST_FILE = ConcertionTests/Info.plist;
				IPHONEOS_DEPLOYMENT_TARGET = 8.0;
				LD_RUNPATH_SEARCH_PATHS = "$(inherited) @executable_path/Frameworks @loader_path/Frameworks";
				PRODUCT_NAME = "$(TARGET_NAME)";
				TEST_HOST = "$(BUILT_PRODUCTS_DIR)/Concertion.app/Concertion";
			};
			name = Release;
		};
/* End XCBuildConfiguration section */

/* Begin XCConfigurationList section */
		053B4D7A19DFE2A500C5B38A /* Build configuration list for PBXProject "Concertion" */ = {
			isa = XCConfigurationList;
			buildConfigurations = (
				053B4D9E19DFE2A600C5B38A /* Debug */,
				053B4D9F19DFE2A600C5B38A /* Release */,
			);
			defaultConfigurationIsVisible = 0;
			defaultConfigurationName = Release;
		};
		053B4DA019DFE2A600C5B38A /* Build configuration list for PBXNativeTarget "Concertion" */ = {
			isa = XCConfigurationList;
			buildConfigurations = (
				053B4DA119DFE2A600C5B38A /* Debug */,
				053B4DA219DFE2A600C5B38A /* Release */,
			);
			defaultConfigurationIsVisible = 0;
			defaultConfigurationName = Release;
		};
		053B4DA319DFE2A600C5B38A /* Build configuration list for PBXNativeTarget "ConcertionTests" */ = {
			isa = XCConfigurationList;
			buildConfigurations = (
				053B4DA419DFE2A600C5B38A /* Debug */,
				053B4DA519DFE2A600C5B38A /* Release */,
			);
			defaultConfigurationIsVisible = 0;
			defaultConfigurationName = Release;
		};
/* End XCConfigurationList section */
	};
	rootObject = 053B4D7719DFE2A500C5B38A /* Project object */;
}
